{
  "name": "gemhub-whatsapp",
  "version": "1.0.0",
  "lockfileVersion": 3,
  "requires": true,
  "packages": {
    "": {
      "name": "gemhub-whatsapp",
      "version": "1.0.0",
      "dependencies": {
        "@upstash/redis": "1.34.3",
        "@vercel/functions": "1.5.0"
      },
      "engines": {
        "node": ">=18.18.0"
      }
    },
    "node_modules/@upstash/redis": {
      "version": "1.34.3",
      "resolved": "https://registry.npmjs.org/@upstash/redis/-/redis-1.34.3.tgz",
      "integrity": "sha512-VT25TyODGy/8ljl7GADnJoMmtmJ1F8d84UXfGonRRF8fWYJz7+2J6GzW+a6ETGtk4OyuRTt7FRSvFG5GvrfSdQ==",
      "license": "MIT",
      "dependencies": {
        "crypto-js": "^4.2.0"
      }
    },
    "node_modules/@vercel/functions": {
      "version": "1.5.0",
      "resolved": "https://registry.npmjs.org/@vercel/functions/-/functions-1.5.0.tgz",
      "integrity": "sha512-ub3ptVeOsx8UPgiTv9+rpQJqmF7VG8QIzguBZo0E0VRAyJliB8bt1ooB9Wrh3333dKzMNS8NMe3iFtf6OPUP3A==",
      "license": "Apache-2.0",
      "engines": {
        "node": ">= 16"
      },
      "peerDependencies": {
        "@aws-sdk/credential-provider-web-identity": "*"
      },
      "peerDependenciesMeta": {
        "@aws-sdk/credential-provider-web-identity": {
          "optional": true
        }
      }
    },
    "node_modules/crypto-js": {
      "version": "4.2.0",
      "resolved": "https://registry.npmjs.org/crypto-js/-/crypto-js-4.2.0.tgz",
      "integrity": "sha512-KALDyEYgpY+Rlob/iriUtjV6d5Eq+Y191A5g4UqLAi8CyGP9N1+FdVbkc1SxKc2r4YAYqG8JzO2KGL+AizD70Q==",
      "deprecated": "Active development of CryptoJS has been discontinued. This library is no longer maintained.",
      "license": "MIT"
    }
  }
}
